
Microsoft Visual Studio Solution File, Format Version 12.00
# Visual Studio Version 17
VisualStudioVersion = 17.7.34221.43
MinimumVisualStudioVersion = 10.0.40219.1
Project("{9A19103F-16F7-4668-BE54-9A1E7A4F7556}") = "Enum_DownCasting", "Enum_DownCasting\Enum_DownCasting.csproj", "{690FA8E2-4C36-4821-A21F-CB0DDEE0108B}"
EndProject
Project("{FAE04EC0-301F-11D3-BF4B-00C04F79EFBC}") = "Enum_DownCasting.Domain", "Enum_DownCasting.Domain\Enum_DownCasting.Domain.csproj", "{0C883697-15BC-470B-BF1C-3D44F3D96EE7}"
EndProject
Global
	GlobalSection(SolutionConfigurationPlatforms) = preSolution
		Debug|Any CPU = Debug|Any CPU
		Release|Any CPU = Release|Any CPU
	EndGlobalSection
	GlobalSection(ProjectConfigurationPlatforms) = postSolution
		{690FA8E2-4C36-4821-A21F-CB0DDEE0108B}.Debug|Any CPU.ActiveCfg = Debug|Any CPU
		{690FA8E2-4C36-4821-A21F-CB0DDEE0108B}.Debug|Any CPU.Build.0 = Debug|Any CPU
		{690FA8E2-4C36-4821-A21F-CB0DDEE0108B}.Release|Any CPU.ActiveCfg = Release|Any CPU
		{690FA8E2-4C36-4821-A21F-CB0DDEE0108B}.Release|Any CPU.Build.0 = Release|Any CPU
		{0C883697-15BC-470B-BF1C-3D44F3D96EE7}.Debug|Any CPU.ActiveCfg = Debug|Any CPU
		{0C883697-15BC-470B-BF1C-3D44F3D96EE7}.Debug|Any CPU.Build.0 = Debug|Any CPU
		{0C883697-15BC-470B-BF1C-3D44F3D96EE7}.Release|Any CPU.ActiveCfg = Release|Any CPU
		{0C883697-15BC-470B-BF1C-3D44F3D96EE7}.Release|Any CPU.Build.0 = Release|Any CPU
	EndGlobalSection
	GlobalSection(SolutionProperties) = preSolution
		HideSolutionNode = FALSE
	EndGlobalSection
	GlobalSection(ExtensibilityGlobals) = postSolution
		SolutionGuid = {2AE027DB-06C4-459B-B3FF-3E392E2F20A1}
	EndGlobalSection
EndGlobal
